
Microsoft Visual Studio Solution File, Format Version 12.00
# Visual Studio 15
VisualStudioVersion = 15.0.27703.2026
MinimumVisualStudioVersion = 10.0.40219.1
Project("{9A19103F-16F7-4668-BE54-9A1E7A4F7556}") = "MyFinance", "MyFinance\MyFinance.csproj", "{34223D1E-F8E4-405A-A808-9B47C2C4515B}"
EndProject
Project("{FAE04EC0-301F-11D3-BF4B-00C04F79EFBC}") = "ProjetoTeste", "ProjetoTeste\ProjetoTeste.csproj", "{14E74A4C-F55F-47FB-B1FB-ECAC1EE8A200}"
EndProject
Global
	GlobalSection(SolutionConfigurationPlatforms) = preSolution
		Debug|Any CPU = Debug|Any CPU
		Release|Any CPU = Release|Any CPU
	EndGlobalSection
	GlobalSection(ProjectConfigurationPlatforms) = postSolution
		{34223D1E-F8E4-405A-A808-9B47C2C4515B}.Debug|Any CPU.ActiveCfg = Debug|Any CPU
		{34223D1E-F8E4-405A-A808-9B47C2C4515B}.Debug|Any CPU.Build.0 = Debug|Any CPU
		{34223D1E-F8E4-405A-A808-9B47C2C4515B}.Release|Any CPU.ActiveCfg = Release|Any CPU
		{34223D1E-F8E4-405A-A808-9B47C2C4515B}.Release|Any CPU.Build.0 = Release|Any CPU
		{14E74A4C-F55F-47FB-B1FB-ECAC1EE8A200}.Debug|Any CPU.ActiveCfg = Debug|Any CPU
		{14E74A4C-F55F-47FB-B1FB-ECAC1EE8A200}.Debug|Any CPU.Build.0 = Debug|Any CPU
		{14E74A4C-F55F-47FB-B1FB-ECAC1EE8A200}.Release|Any CPU.ActiveCfg = Release|Any CPU
		{14E74A4C-F55F-47FB-B1FB-ECAC1EE8A200}.Release|Any CPU.Build.0 = Release|Any CPU
	EndGlobalSection
	GlobalSection(SolutionProperties) = preSolution
		HideSolutionNode = FALSE
	EndGlobalSection
	GlobalSection(ExtensibilityGlobals) = postSolution
		SolutionGuid = {5B0CCE46-9EB5-4BEB-9B12-76C65284761D}
	EndGlobalSection
EndGlobal
